// !$*UTF8*$!
{
	archiveVersion = 1;
	classes = {
	};
	objectVersion = 48;
	objects = {

/* Begin PBXBuildFile section */
		1BF174AB2055569E003CECA1 /* AppDelegate.swift in Sources */ = {isa = PBXBuildFile; fileRef = 1BF174AA2055569E003CECA1 /* AppDelegate.swift */; };
		1BF174AD2055569E003CECA1 /* ViewController.swift in Sources */ = {isa = PBXBuildFile; fileRef = 1BF174AC2055569E003CECA1 /* ViewController.swift */; };
		1BF174B02055569E003CECA1 /* Main.storyboard in Resources */ = {isa = PBXBuildFile; fileRef = 1BF174AE2055569E003CECA1 /* Main.storyboard */; };
		1BF174B32055569E003CECA1 /* HearIt.xcdatamodeld in Sources */ = {isa = PBXBuildFile; fileRef = 1BF174B12055569E003CECA1 /* HearIt.xcdatamodeld */; };
		1BF174B52055569E003CECA1 /* Assets.xcassets in Resources */ = {isa = PBXBuildFile; fileRef = 1BF174B42055569E003CECA1 /* Assets.xcassets */; };
		1BF174B82055569E003CECA1 /* LaunchScreen.storyboard in Resources */ = {isa = PBXBuildFile; fileRef = 1BF174B62055569E003CECA1 /* LaunchScreen.storyboard */; };
		1BF174C3205557E8003CECA1 /* TabBarViewController.swift in Sources */ = {isa = PBXBuildFile; fileRef = 1BF174C2205557E8003CECA1 /* TabBarViewController.swift */; };
		1BF174C520555A51003CECA1 /* Podcasts.swift in Sources */ = {isa = PBXBuildFile; fileRef = 1BF174C420555A51003CECA1 /* Podcasts.swift */; };
		1BF174C720555AC1003CECA1 /* SearchViewController.swift in Sources */ = {isa = PBXBuildFile; fileRef = 1BF174C620555AC1003CECA1 /* SearchViewController.swift */; };
		1BF174CA205562FF003CECA1 /* APIServices.swift in Sources */ = {isa = PBXBuildFile; fileRef = 1BF174C9205562FF003CECA1 /* APIServices.swift */; };
		95987C5D155E843F985E41D4 /* Pods_HearIt.framework in Frameworks */ = {isa = PBXBuildFile; fileRef = A8CB593F3A9E15E7E8DD711B /* Pods_HearIt.framework */; };
/* End PBXBuildFile section */

/* Begin PBXFileReference section */
		1BF174A72055569E003CECA1 /* HearIt.app */ = {isa = PBXFileReference; explicitFileType = wrapper.application; includeInIndex = 0; path = HearIt.app; sourceTree = BUILT_PRODUCTS_DIR; };
		1BF174AA2055569E003CECA1 /* AppDelegate.swift */ = {isa = PBXFileReference; lastKnownFileType = sourcecode.swift; path = AppDelegate.swift; sourceTree = "<group>"; };
		1BF174AC2055569E003CECA1 /* ViewController.swift */ = {isa = PBXFileReference; lastKnownFileType = sourcecode.swift; path = ViewController.swift; sourceTree = "<group>"; };
		1BF174AF2055569E003CECA1 /* Base */ = {isa = PBXFileReference; lastKnownFileType = file.storyboard; name = Base; path = Base.lproj/Main.storyboard; sourceTree = "<group>"; };
		1BF174B22055569E003CECA1 /* HearIt.xcdatamodel */ = {isa = PBXFileReference; lastKnownFileType = wrapper.xcdatamodel; path = HearIt.xcdatamodel; sourceTree = "<group>"; };
		1BF174B42055569E003CECA1 /* Assets.xcassets */ = {isa = PBXFileReference; lastKnownFileType = folder.assetcatalog; path = Assets.xcassets; sourceTree = "<group>"; };
		1BF174B72055569E003CECA1 /* Base */ = {isa = PBXFileReference; lastKnownFileType = file.storyboard; name = Base; path = Base.lproj/LaunchScreen.storyboard; sourceTree = "<group>"; };
		1BF174B92055569E003CECA1 /* Info.plist */ = {isa = PBXFileReference; lastKnownFileType = text.plist.xml; path = Info.plist; sourceTree = "<group>"; };
		1BF174C2205557E8003CECA1 /* TabBarViewController.swift */ = {isa = PBXFileReference; lastKnownFileType = sourcecode.swift; path = TabBarViewController.swift; sourceTree = "<group>"; };
		1BF174C420555A51003CECA1 /* Podcasts.swift */ = {isa = PBXFileReference; lastKnownFileType = sourcecode.swift; path = Podcasts.swift; sourceTree = "<group>"; };
		1BF174C620555AC1003CECA1 /* SearchViewController.swift */ = {isa = PBXFileReference; lastKnownFileType = sourcecode.swift; path = SearchViewController.swift; sourceTree = "<group>"; };
		1BF174C9205562FF003CECA1 /* APIServices.swift */ = {isa = PBXFileReference; lastKnownFileType = sourcecode.swift; path = APIServices.swift; sourceTree = "<group>"; };
		87E4162C8130FD57CACA5D9F /* Pods-HearIt.debug.xcconfig */ = {isa = PBXFileReference; includeInIndex = 1; lastKnownFileType = text.xcconfig; name = "Pods-HearIt.debug.xcconfig"; path = "Pods/Target Support Files/Pods-HearIt/Pods-HearIt.debug.xcconfig"; sourceTree = "<group>"; };
		A8CB593F3A9E15E7E8DD711B /* Pods_HearIt.framework */ = {isa = PBXFileReference; explicitFileType = wrapper.framework; includeInIndex = 0; path = Pods_HearIt.framework; sourceTree = BUILT_PRODUCTS_DIR; };
		FC5E55F62E1F98D742333A26 /* Pods-HearIt.release.xcconfig */ = {isa = PBXFileReference; includeInIndex = 1; lastKnownFileType = text.xcconfig; name = "Pods-HearIt.release.xcconfig"; path = "Pods/Target Support Files/Pods-HearIt/Pods-HearIt.release.xcconfig"; sourceTree = "<group>"; };
/* End PBXFileReference section */

/* Begin PBXFrameworksBuildPhase section */
		1BF174A42055569E003CECA1 /* Frameworks */ = {
			isa = PBXFrameworksBuildPhase;
			buildActionMask = 2147483647;
			files = (
				95987C5D155E843F985E41D4 /* Pods_HearIt.framework in Frameworks */,
			);
			runOnlyForDeploymentPostprocessing = 0;
		};
/* End PBXFrameworksBuildPhase section */

/* Begin PBXGroup section */
		1BF1749E2055569E003CECA1 = {
			isa = PBXGroup;
			children = (
				1BF174A92055569E003CECA1 /* HearIt */,
				1BF174A82055569E003CECA1 /* Products */,
				7FE98D0E0E81BC7B5BBCB8EF /* Pods */,
				EA4F8B8C617D410AECDEA78C /* Frameworks */,
			);
			sourceTree = "<group>";
		};
		1BF174A82055569E003CECA1 /* Products */ = {
			isa = PBXGroup;
			children = (
				1BF174A72055569E003CECA1 /* HearIt.app */,
			);
			name = Products;
			sourceTree = "<group>";
		};
		1BF174A92055569E003CECA1 /* HearIt */ = {
			isa = PBXGroup;
			children = (
				1BF174C120555796003CECA1 /* View */,
				1BF174C020555790003CECA1 /* Model */,
				1BF174BF2055577B003CECA1 /* Controller */,
				1BF174C8205562DE003CECA1 /* API */,
				1BF174B42055569E003CECA1 /* Assets.xcassets */,
				1BF174AA2055569E003CECA1 /* AppDelegate.swift */,
				1BF174B92055569E003CECA1 /* Info.plist */,
				1BF174B12055569E003CECA1 /* HearIt.xcdatamodeld */,
			);
			path = HearIt;
			sourceTree = "<group>";
		};
		1BF174BF2055577B003CECA1 /* Controller */ = {
			isa = PBXGroup;
			children = (
				1BF174AC2055569E003CECA1 /* ViewController.swift */,
				1BF174C2205557E8003CECA1 /* TabBarViewController.swift */,
				1BF174C620555AC1003CECA1 /* SearchViewController.swift */,
			);
			path = Controller;
			sourceTree = "<group>";
		};
		1BF174C020555790003CECA1 /* Model */ = {
			isa = PBXGroup;
			children = (
				1BF174C420555A51003CECA1 /* Podcasts.swift */,
			);
			path = Model;
			sourceTree = "<group>";
		};
		1BF174C120555796003CECA1 /* View */ = {
			isa = PBXGroup;
			children = (
				1BF174AE2055569E003CECA1 /* Main.storyboard */,
				1BF174B62055569E003CECA1 /* LaunchScreen.storyboard */,
			);
			path = View;
			sourceTree = "<group>";
		};
		1BF174C8205562DE003CECA1 /* API */ = {
			isa = PBXGroup;
			children = (
				1BF174C9205562FF003CECA1 /* APIServices.swift */,
			);
			path = API;
			sourceTree = "<group>";
		};
		7FE98D0E0E81BC7B5BBCB8EF /* Pods */ = {
			isa = PBXGroup;
			children = (
				87E4162C8130FD57CACA5D9F /* Pods-HearIt.debug.xcconfig */,
				FC5E55F62E1F98D742333A26 /* Pods-HearIt.release.xcconfig */,
			);
			name = Pods;
			sourceTree = "<group>";
		};
		EA4F8B8C617D410AECDEA78C /* Frameworks */ = {
			isa = PBXGroup;
			children = (
				A8CB593F3A9E15E7E8DD711B /* Pods_HearIt.framework */,
			);
			name = Frameworks;
			sourceTree = "<group>";
		};
/* End PBXGroup section */

/* Begin PBXNativeTarget section */
		1BF174A62055569E003CECA1 /* HearIt */ = {
			isa = PBXNativeTarget;
			buildConfigurationList = 1BF174BC2055569E003CECA1 /* Build configuration list for PBXNativeTarget "HearIt" */;
			buildPhases = (
				CADF0645682B7832F1BBBD7D /* [CP] Check Pods Manifest.lock */,
				1BF174A32055569E003CECA1 /* Sources */,
				1BF174A42055569E003CECA1 /* Frameworks */,
				1BF174A52055569E003CECA1 /* Resources */,
				9A9A1D333B80F51A69CA1E89 /* [CP] Embed Pods Frameworks */,
				1D4FABD96E5159B8AEDB6747 /* [CP] Copy Pods Resources */,
			);
			buildRules = (
			);
			dependencies = (
			);
			name = HearIt;
			productName = HearIt;
			productReference = 1BF174A72055569E003CECA1 /* HearIt.app */;
			productType = "com.apple.product-type.application";
		};
/* End PBXNativeTarget section */

/* Begin PBXProject section */
		1BF1749F2055569E003CECA1 /* Project object */ = {
			isa = PBXProject;
			attributes = {
				LastSwiftUpdateCheck = 0920;
				LastUpgradeCheck = 0920;
				ORGANIZATIONNAME = Siddique;
				TargetAttributes = {
					1BF174A62055569E003CECA1 = {
						CreatedOnToolsVersion = 9.2;
						ProvisioningStyle = Automatic;
					};
				};
			};
			buildConfigurationList = 1BF174A22055569E003CECA1 /* Build configuration list for PBXProject "HearIt" */;
			compatibilityVersion = "Xcode 8.0";
			developmentRegion = en;
			hasScannedForEncodings = 0;
			knownRegions = (
				en,
				Base,
			);
			mainGroup = 1BF1749E2055569E003CECA1;
			productRefGroup = 1BF174A82055569E003CECA1 /* Products */;
			projectDirPath = "";
			projectRoot = "";
			targets = (
				1BF174A62055569E003CECA1 /* HearIt */,
			);
		};
/* End PBXProject section */

/* Begin PBXResourcesBuildPhase section */
		1BF174A52055569E003CECA1 /* Resources */ = {
			isa = PBXResourcesBuildPhase;
			buildActionMask = 2147483647;
			files = (
				1BF174B82055569E003CECA1 /* LaunchScreen.storyboard in Resources */,
				1BF174B52055569E003CECA1 /* Assets.xcassets in Resources */,
				1BF174B02055569E003CECA1 /* Main.storyboard in Resources */,
			);
			runOnlyForDeploymentPostprocessing = 0;
		};
/* End PBXResourcesBuildPhase section */

/* Begin PBXShellScriptBuildPhase section */
		1D4FABD96E5159B8AEDB6747 /* [CP] Copy Pods Resources */ = {
			isa = PBXShellScriptBuildPhase;
			buildActionMask = 2147483647;
			files = (
			);
			inputPaths = (
			);
			name = "[CP] Copy Pods Resources";
			outputPaths = (
			);
			runOnlyForDeploymentPostprocessing = 0;
			shellPath = /bin/sh;
			shellScript = "\"${SRCROOT}/Pods/Target Support Files/Pods-HearIt/Pods-HearIt-resources.sh\"\n";
			showEnvVarsInLog = 0;
		};
		9A9A1D333B80F51A69CA1E89 /* [CP] Embed Pods Frameworks */ = {
			isa = PBXShellScriptBuildPhase;
			buildActionMask = 2147483647;
			files = (
			);
			inputPaths = (
				"${SRCROOT}/Pods/Target Support Files/Pods-HearIt/Pods-HearIt-frameworks.sh",
				"${BUILT_PRODUCTS_DIR}/Alamofire/Alamofire.framework",
			);
			name = "[CP] Embed Pods Frameworks";
			outputPaths = (
				"${TARGET_BUILD_DIR}/${FRAMEWORKS_FOLDER_PATH}/Alamofire.framework",
			);
			runOnlyForDeploymentPostprocessing = 0;
			shellPath = /bin/sh;
			shellScript = "\"${SRCROOT}/Pods/Target Support Files/Pods-HearIt/Pods-HearIt-frameworks.sh\"\n";
			showEnvVarsInLog = 0;
		};
		CADF0645682B7832F1BBBD7D /* [CP] Check Pods Manifest.lock */ = {
			isa = PBXShellScriptBuildPhase;
			buildActionMask = 2147483647;
			files = (
			);
			inputPaths = (
				"${PODS_PODFILE_DIR_PATH}/Podfile.lock",
				"${PODS_ROOT}/Manifest.lock",
			);
			name = "[CP] Check Pods Manifest.lock";
			outputPaths = (
				"$(DERIVED_FILE_DIR)/Pods-HearIt-checkManifestLockResult.txt",
			);
			runOnlyForDeploymentPostprocessing = 0;
			shellPath = /bin/sh;
			shellScript = "diff \"${PODS_PODFILE_DIR_PATH}/Podfile.lock\" \"${PODS_ROOT}/Manifest.lock\" > /dev/null\nif [ $? != 0 ] ; then\n    # print error to STDERR\n    echo \"error: The sandbox is not in sync with the Podfile.lock. Run 'pod install' or update your CocoaPods installation.\" >&2\n    exit 1\nfi\n# This output is used by Xcode 'outputs' to avoid re-running this script phase.\necho \"SUCCESS\" > \"${SCRIPT_OUTPUT_FILE_0}\"\n";
			showEnvVarsInLog = 0;
		};
/* End PBXShellScriptBuildPhase section */

/* Begin PBXSourcesBuildPhase section */
		1BF174A32055569E003CECA1 /* Sources */ = {
			isa = PBXSourcesBuildPhase;
			buildActionMask = 2147483647;
			files = (
				1BF174C720555AC1003CECA1 /* SearchViewController.swift in Sources */,
				1BF174C3205557E8003CECA1 /* TabBarViewController.swift in Sources */,
				1BF174AD2055569E003CECA1 /* ViewController.swift in Sources */,
				1BF174B32055569E003CECA1 /* HearIt.xcdatamodeld in Sources */,
				1BF174AB2055569E003CECA1 /* AppDelegate.swift in Sources */,
				1BF174CA205562FF003CECA1 /* APIServices.swift in Sources */,
				1BF174C520555A51003CECA1 /* Podcasts.swift in Sources */,
			);
			runOnlyForDeploymentPostprocessing = 0;
		};
/* End PBXSourcesBuildPhase section */

/* Begin PBXVariantGroup section */
		1BF174AE2055569E003CECA1 /* Main.storyboard */ = {
			isa = PBXVariantGroup;
			children = (
				1BF174AF2055569E003CECA1 /* Base */,
			);
			name = Main.storyboard;
			sourceTree = "<group>";
		};
		1BF174B62055569E003CECA1 /* LaunchScreen.storyboard */ = {
			isa = PBXVariantGroup;
			children = (
				1BF174B72055569E003CECA1 /* Base */,
			);
			name = LaunchScreen.storyboard;
			sourceTree = "<group>";
		};
/* End PBXVariantGroup section */

/* Begin XCBuildConfiguration section */
		1BF174BA2055569E003CECA1 /* Debug */ = {
			isa = XCBuildConfiguration;
			buildSettings = {
				ALWAYS_SEARCH_USER_PATHS = NO;
				CLANG_ANALYZER_NONNULL = YES;
				CLANG_ANALYZER_NUMBER_OBJECT_CONVERSION = YES_AGGRESSIVE;
				CLANG_CXX_LANGUAGE_STANDARD = "gnu++14";
				CLANG_CXX_LIBRARY = "libc++";
				CLANG_ENABLE_MODULES = YES;
				CLANG_ENABLE_OBJC_ARC = YES;
				CLANG_WARN_BLOCK_CAPTURE_AUTORELEASING = YES;
				CLANG_WARN_BOOL_CONVERSION = YES;
				CLANG_WARN_COMMA = YES;
				CLANG_WARN_CONSTANT_CONVERSION = YES;
				CLANG_WARN_DIRECT_OBJC_ISA_USAGE = YES_ERROR;
				CLANG_WARN_DOCUMENTATION_COMMENTS = YES;
				CLANG_WARN_EMPTY_BODY = YES;
				CLANG_WARN_ENUM_CONVERSION = YES;
				CLANG_WARN_INFINITE_RECURSION = YES;
				CLANG_WARN_INT_CONVERSION = YES;
				CLANG_WARN_NON_LITERAL_NULL_CONVERSION = YES;
				CLANG_WARN_OBJC_LITERAL_CONVERSION = YES;
				CLANG_WARN_OBJC_ROOT_CLASS = YES_ERROR;
				CLANG_WARN_RANGE_LOOP_ANALYSIS = YES;
				CLANG_WARN_STRICT_PROTOTYPES = YES;
				CLANG_WARN_SUSPICIOUS_MOVE = YES;
				CLANG_WARN_UNGUARDED_AVAILABILITY = YES_AGGRESSIVE;
				CLANG_WARN_UNREACHABLE_CODE = YES;
				CLANG_WARN__DUPLICATE_METHOD_MATCH = YES;
				CODE_SIGN_IDENTITY = "iPhone Developer";
				COPY_PHASE_STRIP = NO;
				DEBUG_INFORMATION_FORMAT = dwarf;
				ENABLE_STRICT_OBJC_MSGSEND = YES;
				ENABLE_TESTABILITY = YES;
				GCC_C_LANGUAGE_STANDARD = gnu11;
				GCC_DYNAMIC_NO_PIC = NO;
				GCC_NO_COMMON_BLOCKS = YES;
				GCC_OPTIMIZATION_LEVEL = 0;
				GCC_PREPROCESSOR_DEFINITIONS = (
					"DEBUG=1",
					"$(inherited)",
				);
				GCC_WARN_64_TO_32_BIT_CONVERSION = YES;
				GCC_WARN_ABOUT_RETURN_TYPE = YES_ERROR;
				GCC_WARN_UNDECLARED_SELECTOR = YES;
				GCC_WARN_UNINITIALIZED_AUTOS = YES_AGGRESSIVE;
				GCC_WARN_UNUSED_FUNCTION = YES;
				GCC_WARN_UNUSED_VARIABLE = YES;
				IPHONEOS_DEPLOYMENT_TARGET = 11.2;
				MTL_ENABLE_DEBUG_INFO = YES;
				ONLY_ACTIVE_ARCH = YES;
				SDKROOT = iphoneos;
				SWIFT_ACTIVE_COMPILATION_CONDITIONS = DEBUG;
				SWIFT_OPTIMIZATION_LEVEL = "-Onone";
			};
			name = Debug;
		};
		1BF174BB2055569E003CECA1 /* Release */ = {
			isa = XCBuildConfiguration;
			buildSettings = {
				ALWAYS_SEARCH_USER_PATHS = NO;
				CLANG_ANALYZER_NONNULL = YES;
				CLANG_ANALYZER_NUMBER_OBJECT_CONVERSION = YES_AGGRESSIVE;
				CLANG_CXX_LANGUAGE_STANDARD = "gnu++14";
				CLANG_CXX_LIBRARY = "libc++";
				CLANG_ENABLE_MODULES = YES;
				CLANG_ENABLE_OBJC_ARC = YES;
				CLANG_WARN_BLOCK_CAPTURE_AUTORELEASING = YES;
				CLANG_WARN_BOOL_CONVERSION = YES;
				CLANG_WARN_COMMA = YES;
				CLANG_WARN_CONSTANT_CONVERSION = YES;
				CLANG_WARN_DIRECT_OBJC_ISA_USAGE = YES_ERROR;
				CLANG_WARN_DOCUMENTATION_COMMENTS = YES;
				CLANG_WARN_EMPTY_BODY = YES;
				CLANG_WARN_ENUM_CONVERSION = YES;
				CLANG_WARN_INFINITE_RECURSION = YES;
				CLANG_WARN_INT_CONVERSION = YES;
				CLANG_WARN_NON_LITERAL_NULL_CONVERSION = YES;
				CLANG_WARN_OBJC_LITERAL_CONVERSION = YES;
				CLANG_WARN_OBJC_ROOT_CLASS = YES_ERROR;
				CLANG_WARN_RANGE_LOOP_ANALYSIS = YES;
				CLANG_WARN_STRICT_PROTOTYPES = YES;
				CLANG_WARN_SUSPICIOUS_MOVE = YES;
				CLANG_WARN_UNGUARDED_AVAILABILITY = YES_AGGRESSIVE;
				CLANG_WARN_UNREACHABLE_CODE = YES;
				CLANG_WARN__DUPLICATE_METHOD_MATCH = YES;
				CODE_SIGN_IDENTITY = "iPhone Developer";
				COPY_PHASE_STRIP = NO;
				DEBUG_INFORMATION_FORMAT = "dwarf-with-dsym";
				ENABLE_NS_ASSERTIONS = NO;
				ENABLE_STRICT_OBJC_MSGSEND = YES;
				GCC_C_LANGUAGE_STANDARD = gnu11;
				GCC_NO_COMMON_BLOCKS = YES;
				GCC_WARN_64_TO_32_BIT_CONVERSION = YES;
				GCC_WARN_ABOUT_RETURN_TYPE = YES_ERROR;
				GCC_WARN_UNDECLARED_SELECTOR = YES;
				GCC_WARN_UNINITIALIZED_AUTOS = YES_AGGRESSIVE;
				GCC_WARN_UNUSED_FUNCTION = YES;
				GCC_WARN_UNUSED_VARIABLE = YES;
				IPHONEOS_DEPLOYMENT_TARGET = 11.2;
				MTL_ENABLE_DEBUG_INFO = NO;
				SDKROOT = iphoneos;
				SWIFT_OPTIMIZATION_LEVEL = "-Owholemodule";
				VALIDATE_PRODUCT = YES;
			};
			name = Release;
		};
		1BF174BD2055569E003CECA1 /* Debug */ = {
			isa = XCBuildConfiguration;
			baseConfigurationReference = 87E4162C8130FD57CACA5D9F /* Pods-HearIt.debug.xcconfig */;
			buildSettings = {
				ASSETCATALOG_COMPILER_APPICON_NAME = AppIcon;
				CODE_SIGN_STYLE = Automatic;
				DEVELOPMENT_TEAM = AREZX5EZP6;
				INFOPLIST_FILE = HearIt/Info.plist;
				LD_RUNPATH_SEARCH_PATHS = "$(inherited) @executable_path/Frameworks";
				PRODUCT_BUNDLE_IDENTIFIER = com.siddique.HearIt;
				PRODUCT_NAME = "$(TARGET_NAME)";
				SWIFT_VERSION = 4.0;
				TARGETED_DEVICE_FAMILY = "1,2";
			};
			name = Debug;
		};
		1BF174BE2055569E003CECA1 /* Release */ = {
			isa = XCBuildConfiguration;
			baseConfigurationReference = FC5E55F62E1F98D742333A26 /* Pods-HearIt.release.xcconfig */;
			buildSettings = {
				ASSETCATALOG_COMPILER_APPICON_NAME = AppIcon;
				CODE_SIGN_STYLE = Automatic;
				DEVELOPMENT_TEAM = AREZX5EZP6;
				INFOPLIST_FILE = HearIt/Info.plist;
				LD_RUNPATH_SEARCH_PATHS = "$(inherited) @executable_path/Frameworks";
				PRODUCT_BUNDLE_IDENTIFIER = com.siddique.HearIt;
				PRODUCT_NAME = "$(TARGET_NAME)";
				SWIFT_VERSION = 4.0;
				TARGETED_DEVICE_FAMILY = "1,2";
			};
			name = Release;
		};
/* End XCBuildConfiguration section */

/* Begin XCConfigurationList section */
		1BF174A22055569E003CECA1 /* Build configuration list for PBXProject "HearIt" */ = {
			isa = XCConfigurationList;
			buildConfigurations = (
				1BF174BA2055569E003CECA1 /* Debug */,
				1BF174BB2055569E003CECA1 /* Release */,
			);
			defaultConfigurationIsVisible = 0;
			defaultConfigurationName = Release;
		};
		1BF174BC2055569E003CECA1 /* Build configuration list for PBXNativeTarget "HearIt" */ = {
			isa = XCConfigurationList;
			buildConfigurations = (
				1BF174BD2055569E003CECA1 /* Debug */,
				1BF174BE2055569E003CECA1 /* Release */,
			);
			defaultConfigurationIsVisible = 0;
			defaultConfigurationName = Release;
		};
/* End XCConfigurationList section */

/* Begin XCVersionGroup section */
		1BF174B12055569E003CECA1 /* HearIt.xcdatamodeld */ = {
			isa = XCVersionGroup;
			children = (
				1BF174B22055569E003CECA1 /* HearIt.xcdatamodel */,
			);
			currentVersion = 1BF174B22055569E003CECA1 /* HearIt.xcdatamodel */;
			path = HearIt.xcdatamodeld;
			sourceTree = "<group>";
			versionGroupType = wrapper.xcdatamodel;
		};
/* End XCVersionGroup section */
	};
	rootObject = 1BF1749F2055569E003CECA1 /* Project object */;
}
